
Microsoft Visual Studio Solution File, Format Version 12.00
# Visual Studio Version 16
VisualStudioVersion = 16.0.31624.102
MinimumVisualStudioVersion = 10.0.40219.1
Project("{FAE04EC0-301F-11D3-BF4B-00C04F79EFBC}") = "Ex1", "Ex1.csproj", "{96D00B08-4479-429A-9687-B46916B0DB9D}"
EndProject
Global
	GlobalSection(SolutionConfigurationPlatforms) = preSolution
		Debug|Any CPU = Debug|Any CPU
		Release|Any CPU = Release|Any CPU
	EndGlobalSection
	GlobalSection(ProjectConfigurationPlatforms) = postSolution
		{96D00B08-4479-429A-9687-B46916B0DB9D}.Debug|Any CPU.ActiveCfg = Debug|Any CPU
		{96D00B08-4479-429A-9687-B46916B0DB9D}.Debug|Any CPU.Build.0 = Debug|Any CPU
		{96D00B08-4479-429A-9687-B46916B0DB9D}.Release|Any CPU.ActiveCfg = Release|Any CPU
		{96D00B08-4479-429A-9687-B46916B0DB9D}.Release|Any CPU.Build.0 = Release|Any CPU
	EndGlobalSection
	GlobalSection(SolutionProperties) = preSolution
		HideSolutionNode = FALSE
	EndGlobalSection
	GlobalSection(ExtensibilityGlobals) = postSolution
		SolutionGuid = {B5106C15-E10B-4CD2-9F7C-C0B71AB79C89}
	EndGlobalSection
EndGlobal
